
Microsoft Visual Studio Solution File, Format Version 12.00
# Visual Studio Version 17
VisualStudioVersion = 17.12.35527.113 d17.12
MinimumVisualStudioVersion = 10.0.40219.1
Project("{FAE04EC0-301F-11D3-BF4B-00C04F79EFBC}") = "Company.Route.PL", "Company.Route.PL\Company.Route.PL.csproj", "{8BE516F0-DB51-4BEF-8AC1-91B1F788187C}"
EndProject
Project("{FAE04EC0-301F-11D3-BF4B-00C04F79EFBC}") = "Company.Route.DAL", "..\Company.Route.DAL\Company.Route.DAL.csproj", "{D0BCB7E2-79A1-4A18-9201-93D802EEF27B}"
EndProject
Project("{FAE04EC0-301F-11D3-BF4B-00C04F79EFBC}") = "Company.Route.BLL", "Company.Route.BLL\Company.Route.BLL.csproj", "{53139811-38D6-414C-9C6C-CD94543583C5}"
EndProject
Global
	GlobalSection(SolutionConfigurationPlatforms) = preSolution
		Debug|Any CPU = Debug|Any CPU
		Release|Any CPU = Release|Any CPU
	EndGlobalSection
	GlobalSection(ProjectConfigurationPlatforms) = postSolution
		{8BE516F0-DB51-4BEF-8AC1-91B1F788187C}.Debug|Any CPU.ActiveCfg = Debug|Any CPU
		{8BE516F0-DB51-4BEF-8AC1-91B1F788187C}.Debug|Any CPU.Build.0 = Debug|Any CPU
		{8BE516F0-DB51-4BEF-8AC1-91B1F788187C}.Release|Any CPU.ActiveCfg = Release|Any CPU
		{8BE516F0-DB51-4BEF-8AC1-91B1F788187C}.Release|Any CPU.Build.0 = Release|Any CPU
		{D0BCB7E2-79A1-4A18-9201-93D802EEF27B}.Debug|Any CPU.ActiveCfg = Debug|Any CPU
		{D0BCB7E2-79A1-4A18-9201-93D802EEF27B}.Debug|Any CPU.Build.0 = Debug|Any CPU
		{D0BCB7E2-79A1-4A18-9201-93D802EEF27B}.Release|Any CPU.ActiveCfg = Release|Any CPU
		{D0BCB7E2-79A1-4A18-9201-93D802EEF27B}.Release|Any CPU.Build.0 = Release|Any CPU
		{53139811-38D6-414C-9C6C-CD94543583C5}.Debug|Any CPU.ActiveCfg = Debug|Any CPU
		{53139811-38D6-414C-9C6C-CD94543583C5}.Debug|Any CPU.Build.0 = Debug|Any CPU
		{53139811-38D6-414C-9C6C-CD94543583C5}.Release|Any CPU.ActiveCfg = Release|Any CPU
		{53139811-38D6-414C-9C6C-CD94543583C5}.Release|Any CPU.Build.0 = Release|Any CPU
	EndGlobalSection
	GlobalSection(SolutionProperties) = preSolution
		HideSolutionNode = FALSE
	EndGlobalSection
EndGlobal
